// !$*UTF8*$!
{
	archiveVersion = 1;
	classes = {
	};
	objectVersion = 46;
	objects = {

/* Begin PBXBuildFile section */
		47A738B590A23E08C1C72DBD /* CollectionViewHeader.m in Sources */ = {isa = PBXBuildFile; fileRef = 47A73FD94D36D4C688BBEA01 /* CollectionViewHeader.m */; };
		47A73AEA64AE7E1B33CFBEDF /* CollectionViewCell.m in Sources */ = {isa = PBXBuildFile; fileRef = 47A736BE8869E4F1D8F2E82F /* CollectionViewCell.m */; };
		47A73C0DE61E5E27A29942BB /* ViewController.m in Sources */ = {isa = PBXBuildFile; fileRef = 47A732FDA839DF0C3430130D /* ViewController.m */; };
		A2319411B655D57F51F8B01E /* libPods-CollectionView-Programatticly.a in Frameworks */ = {isa = PBXBuildFile; fileRef = F2EDC4AAB7C8D816F1975C5C /* libPods-CollectionView-Programatticly.a */; };
		D629ED711E1F349300723ACA /* main.m in Sources */ = {isa = PBXBuildFile; fileRef = D629ED701E1F349300723ACA /* main.m */; };
		D629ED741E1F349300723ACA /* AppDelegate.m in Sources */ = {isa = PBXBuildFile; fileRef = D629ED731E1F349300723ACA /* AppDelegate.m */; };
		D629ED7A1E1F349300723ACA /* Main.storyboard in Resources */ = {isa = PBXBuildFile; fileRef = D629ED781E1F349300723ACA /* Main.storyboard */; };
		D629ED7C1E1F349300723ACA /* Assets.xcassets in Resources */ = {isa = PBXBuildFile; fileRef = D629ED7B1E1F349300723ACA /* Assets.xcassets */; };
		D629ED7F1E1F349300723ACA /* LaunchScreen.storyboard in Resources */ = {isa = PBXBuildFile; fileRef = D629ED7D1E1F349300723ACA /* LaunchScreen.storyboard */; };
/* End PBXBuildFile section */

/* Begin PBXFileReference section */
		47A732FDA839DF0C3430130D /* ViewController.m */ = {isa = PBXFileReference; fileEncoding = 4; lastKnownFileType = sourcecode.c.objc; path = ViewController.m; sourceTree = "<group>"; };
		47A7351C35445D33D2F86D8E /* CollectionViewHeader.h */ = {isa = PBXFileReference; fileEncoding = 4; lastKnownFileType = sourcecode.c.h; path = CollectionViewHeader.h; sourceTree = "<group>"; };
		47A736BE8869E4F1D8F2E82F /* CollectionViewCell.m */ = {isa = PBXFileReference; fileEncoding = 4; lastKnownFileType = sourcecode.c.objc; path = CollectionViewCell.m; sourceTree = "<group>"; };
		47A737140F553185951E380E /* CollectionViewCell.h */ = {isa = PBXFileReference; fileEncoding = 4; lastKnownFileType = sourcecode.c.h; path = CollectionViewCell.h; sourceTree = "<group>"; };
		47A73790C870736494F8D864 /* ViewController.h */ = {isa = PBXFileReference; fileEncoding = 4; lastKnownFileType = sourcecode.c.h; path = ViewController.h; sourceTree = "<group>"; };
		47A73FD94D36D4C688BBEA01 /* CollectionViewHeader.m */ = {isa = PBXFileReference; fileEncoding = 4; lastKnownFileType = sourcecode.c.objc; path = CollectionViewHeader.m; sourceTree = "<group>"; };
		686E422E6D61C6A89C8D17E8 /* Pods-CollectionView-Programatticly.debug.xcconfig */ = {isa = PBXFileReference; includeInIndex = 1; lastKnownFileType = text.xcconfig; name = "Pods-CollectionView-Programatticly.debug.xcconfig"; path = "Pods/Target Support Files/Pods-CollectionView-Programatticly/Pods-CollectionView-Programatticly.debug.xcconfig"; sourceTree = "<group>"; };
		816A103597CD704558E3E0BD /* Pods-CollectionView-Programatticly.release.xcconfig */ = {isa = PBXFileReference; includeInIndex = 1; lastKnownFileType = text.xcconfig; name = "Pods-CollectionView-Programatticly.release.xcconfig"; path = "Pods/Target Support Files/Pods-CollectionView-Programatticly/Pods-CollectionView-Programatticly.release.xcconfig"; sourceTree = "<group>"; };
		D629ED6C1E1F349300723ACA /* CollectionView-Programatticly.app */ = {isa = PBXFileReference; explicitFileType = wrapper.application; includeInIndex = 0; path = "CollectionView-Programatticly.app"; sourceTree = BUILT_PRODUCTS_DIR; };
		D629ED701E1F349300723ACA /* main.m */ = {isa = PBXFileReference; lastKnownFileType = sourcecode.c.objc; path = main.m; sourceTree = "<group>"; };
		D629ED721E1F349300723ACA /* AppDelegate.h */ = {isa = PBXFileReference; lastKnownFileType = sourcecode.c.h; path = AppDelegate.h; sourceTree = "<group>"; };
		D629ED731E1F349300723ACA /* AppDelegate.m */ = {isa = PBXFileReference; lastKnownFileType = sourcecode.c.objc; path = AppDelegate.m; sourceTree = "<group>"; };
		D629ED791E1F349300723ACA /* Base */ = {isa = PBXFileReference; lastKnownFileType = file.storyboard; name = Base; path = Base.lproj/Main.storyboard; sourceTree = "<group>"; };
		D629ED7B1E1F349300723ACA /* Assets.xcassets */ = {isa = PBXFileReference; lastKnownFileType = folder.assetcatalog; path = Assets.xcassets; sourceTree = "<group>"; };
		D629ED7E1E1F349300723ACA /* Base */ = {isa = PBXFileReference; lastKnownFileType = file.storyboard; name = Base; path = Base.lproj/LaunchScreen.storyboard; sourceTree = "<group>"; };
		D629ED801E1F349300723ACA /* Info.plist */ = {isa = PBXFileReference; lastKnownFileType = text.plist.xml; path = Info.plist; sourceTree = "<group>"; };
		F2EDC4AAB7C8D816F1975C5C /* libPods-CollectionView-Programatticly.a */ = {isa = PBXFileReference; explicitFileType = archive.ar; includeInIndex = 0; path = "libPods-CollectionView-Programatticly.a"; sourceTree = BUILT_PRODUCTS_DIR; };
/* End PBXFileReference section */

/* Begin PBXFrameworksBuildPhase section */
		D629ED691E1F349200723ACA /* Frameworks */ = {
			isa = PBXFrameworksBuildPhase;
			buildActionMask = 2147483647;
			files = (
				A2319411B655D57F51F8B01E /* libPods-CollectionView-Programatticly.a in Frameworks */,
			);
			runOnlyForDeploymentPostprocessing = 0;
		};
/* End PBXFrameworksBuildPhase section */

/* Begin PBXGroup section */
		47A73B9B2ACD4E5A6D4ED7EA /* Controller */ = {
			isa = PBXGroup;
			children = (
				47A732FDA839DF0C3430130D /* ViewController.m */,
				47A73790C870736494F8D864 /* ViewController.h */,
			);
			path = Controller;
			sourceTree = "<group>";
		};
		47A73D4E46C8789D478493B6 /* CollectionView */ = {
			isa = PBXGroup;
			children = (
				47A736BE8869E4F1D8F2E82F /* CollectionViewCell.m */,
				47A737140F553185951E380E /* CollectionViewCell.h */,
				47A73FD94D36D4C688BBEA01 /* CollectionViewHeader.m */,
				47A7351C35445D33D2F86D8E /* CollectionViewHeader.h */,
			);
			path = CollectionView;
			sourceTree = "<group>";
		};
		69851543C2799AA709FC8D20 /* Frameworks */ = {
			isa = PBXGroup;
			children = (
				F2EDC4AAB7C8D816F1975C5C /* libPods-CollectionView-Programatticly.a */,
			);
			name = Frameworks;
			sourceTree = "<group>";
		};
		D629ED631E1F349200723ACA = {
			isa = PBXGroup;
			children = (
				D629ED6E1E1F349300723ACA /* CollectionView-Programatticly */,
				D629ED6D1E1F349300723ACA /* Products */,
				F07FF848C987AE82087F88A7 /* Pods */,
				69851543C2799AA709FC8D20 /* Frameworks */,
			);
			sourceTree = "<group>";
		};
		D629ED6D1E1F349300723ACA /* Products */ = {
			isa = PBXGroup;
			children = (
				D629ED6C1E1F349300723ACA /* CollectionView-Programatticly.app */,
			);
			name = Products;
			sourceTree = "<group>";
		};
		D629ED6E1E1F349300723ACA /* CollectionView-Programatticly */ = {
			isa = PBXGroup;
			children = (
				D629ED721E1F349300723ACA /* AppDelegate.h */,
				D629ED731E1F349300723ACA /* AppDelegate.m */,
				D629ED781E1F349300723ACA /* Main.storyboard */,
				D629ED7B1E1F349300723ACA /* Assets.xcassets */,
				D629ED7D1E1F349300723ACA /* LaunchScreen.storyboard */,
				D629ED801E1F349300723ACA /* Info.plist */,
				D629ED6F1E1F349300723ACA /* Supporting Files */,
				47A73B9B2ACD4E5A6D4ED7EA /* Controller */,
				47A73D4E46C8789D478493B6 /* CollectionView */,
			);
			path = "CollectionView-Programatticly";
			sourceTree = "<group>";
		};
		D629ED6F1E1F349300723ACA /* Supporting Files */ = {
			isa = PBXGroup;
			children = (
				D629ED701E1F349300723ACA /* main.m */,
			);
			name = "Supporting Files";
			sourceTree = "<group>";
		};
		F07FF848C987AE82087F88A7 /* Pods */ = {
			isa = PBXGroup;
			children = (
				686E422E6D61C6A89C8D17E8 /* Pods-CollectionView-Programatticly.debug.xcconfig */,
				816A103597CD704558E3E0BD /* Pods-CollectionView-Programatticly.release.xcconfig */,
			);
			name = Pods;
			sourceTree = "<group>";
		};
/* End PBXGroup section */

/* Begin PBXNativeTarget section */
		D629ED6B1E1F349200723ACA /* CollectionView-Programatticly */ = {
			isa = PBXNativeTarget;
			buildConfigurationList = D629ED831E1F349300723ACA /* Build configuration list for PBXNativeTarget "CollectionView-Programatticly" */;
			buildPhases = (
				6541D0A8B582460FD9FD79A6 /* [CP] Check Pods Manifest.lock */,
				D629ED681E1F349200723ACA /* Sources */,
				D629ED691E1F349200723ACA /* Frameworks */,
				D629ED6A1E1F349200723ACA /* Resources */,
				7A239D1E59DE2E24F59ED681 /* [CP] Embed Pods Frameworks */,
				21B381CAAB5CF1FC630D2E2E /* [CP] Copy Pods Resources */,
			);
			buildRules = (
			);
			dependencies = (
			);
			name = "CollectionView-Programatticly";
			productName = "CollectionView-Programatticly";
			productReference = D629ED6C1E1F349300723ACA /* CollectionView-Programatticly.app */;
			productType = "com.apple.product-type.application";
		};
/* End PBXNativeTarget section */

/* Begin PBXProject section */
		D629ED641E1F349200723ACA /* Project object */ = {
			isa = PBXProject;
			attributes = {
				LastUpgradeCheck = 0820;
				ORGANIZATIONNAME = jason9075.com;
				TargetAttributes = {
					D629ED6B1E1F349200723ACA = {
						CreatedOnToolsVersion = 8.2.1;
						ProvisioningStyle = Automatic;
					};
				};
			};
			buildConfigurationList = D629ED671E1F349200723ACA /* Build configuration list for PBXProject "CollectionView-Programatticly" */;
			compatibilityVersion = "Xcode 3.2";
			developmentRegion = English;
			hasScannedForEncodings = 0;
			knownRegions = (
				en,
				Base,
			);
			mainGroup = D629ED631E1F349200723ACA;
			productRefGroup = D629ED6D1E1F349300723ACA /* Products */;
			projectDirPath = "";
			projectReferences = (
			);
			projectRoot = "";
			targets = (
				D629ED6B1E1F349200723ACA /* CollectionView-Programatticly */,
			);
		};
/* End PBXProject section */

/* Begin PBXResourcesBuildPhase section */
		D629ED6A1E1F349200723ACA /* Resources */ = {
			isa = PBXResourcesBuildPhase;
			buildActionMask = 2147483647;
			files = (
				D629ED7F1E1F349300723ACA /* LaunchScreen.storyboard in Resources */,
				D629ED7C1E1F349300723ACA /* Assets.xcassets in Resources */,
				D629ED7A1E1F349300723ACA /* Main.storyboard in Resources */,
			);
			runOnlyForDeploymentPostprocessing = 0;
		};
/* End PBXResourcesBuildPhase section */

/* Begin PBXShellScriptBuildPhase section */
		21B381CAAB5CF1FC630D2E2E /* [CP] Copy Pods Resources */ = {
			isa = PBXShellScriptBuildPhase;
			buildActionMask = 2147483647;
			files = (
			);
			inputPaths = (
			);
			name = "[CP] Copy Pods Resources";
			outputPaths = (
			);
			runOnlyForDeploymentPostprocessing = 0;
			shellPath = /bin/sh;
			shellScript = "\"${SRCROOT}/Pods/Target Support Files/Pods-CollectionView-Programatticly/Pods-CollectionView-Programatticly-resources.sh\"\n";
			showEnvVarsInLog = 0;
		};
		6541D0A8B582460FD9FD79A6 /* [CP] Check Pods Manifest.lock */ = {
			isa = PBXShellScriptBuildPhase;
			buildActionMask = 2147483647;
			files = (
			);
			inputPaths = (
			);
			name = "[CP] Check Pods Manifest.lock";
			outputPaths = (
			);
			runOnlyForDeploymentPostprocessing = 0;
			shellPath = /bin/sh;
			shellScript = "diff \"${PODS_ROOT}/../Podfile.lock\" \"${PODS_ROOT}/Manifest.lock\" > /dev/null\nif [[ $? != 0 ]] ; then\n    cat << EOM\nerror: The sandbox is not in sync with the Podfile.lock. Run 'pod install' or update your CocoaPods installation.\nEOM\n    exit 1\nfi\n";
			showEnvVarsInLog = 0;
		};
		7A239D1E59DE2E24F59ED681 /* [CP] Embed Pods Frameworks */ = {
			isa = PBXShellScriptBuildPhase;
			buildActionMask = 2147483647;
			files = (
			);
			inputPaths = (
			);
			name = "[CP] Embed Pods Frameworks";
			outputPaths = (
			);
			runOnlyForDeploymentPostprocessing = 0;
			shellPath = /bin/sh;
			shellScript = "\"${SRCROOT}/Pods/Target Support Files/Pods-CollectionView-Programatticly/Pods-CollectionView-Programatticly-frameworks.sh\"\n";
			showEnvVarsInLog = 0;
		};
/* End PBXShellScriptBuildPhase section */

/* Begin PBXSourcesBuildPhase section */
		D629ED681E1F349200723ACA /* Sources */ = {
			isa = PBXSourcesBuildPhase;
			buildActionMask = 2147483647;
			files = (
				D629ED741E1F349300723ACA /* AppDelegate.m in Sources */,
				D629ED711E1F349300723ACA /* main.m in Sources */,
				47A73C0DE61E5E27A29942BB /* ViewController.m in Sources */,
				47A73AEA64AE7E1B33CFBEDF /* CollectionViewCell.m in Sources */,
				47A738B590A23E08C1C72DBD /* CollectionViewHeader.m in Sources */,
			);
			runOnlyForDeploymentPostprocessing = 0;
		};
/* End PBXSourcesBuildPhase section */

/* Begin PBXVariantGroup section */
		D629ED781E1F349300723ACA /* Main.storyboard */ = {
			isa = PBXVariantGroup;
			children = (
				D629ED791E1F349300723ACA /* Base */,
			);
			name = Main.storyboard;
			sourceTree = "<group>";
		};
		D629ED7D1E1F349300723ACA /* LaunchScreen.storyboard */ = {
			isa = PBXVariantGroup;
			children = (
				D629ED7E1E1F349300723ACA /* Base */,
			);
			name = LaunchScreen.storyboard;
			sourceTree = "<group>";
		};
/* End PBXVariantGroup section */

/* Begin XCBuildConfiguration section */
		D629ED811E1F349300723ACA /* Debug */ = {
			isa = XCBuildConfiguration;
			buildSettings = {
				ALWAYS_SEARCH_USER_PATHS = NO;
				CLANG_ANALYZER_NONNULL = YES;
				CLANG_CXX_LANGUAGE_STANDARD = "gnu++0x";
				CLANG_CXX_LIBRARY = "libc++";
				CLANG_ENABLE_MODULES = YES;
				CLANG_ENABLE_OBJC_ARC = YES;
				CLANG_WARN_BOOL_CONVERSION = YES;
				CLANG_WARN_CONSTANT_CONVERSION = YES;
				CLANG_WARN_DIRECT_OBJC_ISA_USAGE = YES_ERROR;
				CLANG_WARN_DOCUMENTATION_COMMENTS = YES;
				CLANG_WARN_EMPTY_BODY = YES;
				CLANG_WARN_ENUM_CONVERSION = YES;
				CLANG_WARN_INFINITE_RECURSION = YES;
				CLANG_WARN_INT_CONVERSION = YES;
				CLANG_WARN_OBJC_ROOT_CLASS = YES_ERROR;
				CLANG_WARN_SUSPICIOUS_MOVE = YES;
				CLANG_WARN_UNREACHABLE_CODE = YES;
				CLANG_WARN__DUPLICATE_METHOD_MATCH = YES;
				"CODE_SIGN_IDENTITY[sdk=iphoneos*]" = "iPhone Developer";
				COPY_PHASE_STRIP = NO;
				DEBUG_INFORMATION_FORMAT = dwarf;
				ENABLE_STRICT_OBJC_MSGSEND = YES;
				ENABLE_TESTABILITY = YES;
				GCC_C_LANGUAGE_STANDARD = gnu99;
				GCC_DYNAMIC_NO_PIC = NO;
				GCC_NO_COMMON_BLOCKS = YES;
				GCC_OPTIMIZATION_LEVEL = 0;
				GCC_PREPROCESSOR_DEFINITIONS = (
					"DEBUG=1",
					"$(inherited)",
				);
				GCC_WARN_64_TO_32_BIT_CONVERSION = YES;
				GCC_WARN_ABOUT_RETURN_TYPE = YES_ERROR;
				GCC_WARN_UNDECLARED_SELECTOR = YES;
				GCC_WARN_UNINITIALIZED_AUTOS = YES_AGGRESSIVE;
				GCC_WARN_UNUSED_FUNCTION = YES;
				GCC_WARN_UNUSED_VARIABLE = YES;
				IPHONEOS_DEPLOYMENT_TARGET = 10.2;
				MTL_ENABLE_DEBUG_INFO = YES;
				ONLY_ACTIVE_ARCH = YES;
				SDKROOT = iphoneos;
			};
			name = Debug;
		};
		D629ED821E1F349300723ACA /* Release */ = {
			isa = XCBuildConfiguration;
			buildSettings = {
				ALWAYS_SEARCH_USER_PATHS = NO;
				CLANG_ANALYZER_NONNULL = YES;
				CLANG_CXX_LANGUAGE_STANDARD = "gnu++0x";
				CLANG_CXX_LIBRARY = "libc++";
				CLANG_ENABLE_MODULES = YES;
				CLANG_ENABLE_OBJC_ARC = YES;
				CLANG_WARN_BOOL_CONVERSION = YES;
				CLANG_WARN_CONSTANT_CONVERSION = YES;
				CLANG_WARN_DIRECT_OBJC_ISA_USAGE = YES_ERROR;
				CLANG_WARN_DOCUMENTATION_COMMENTS = YES;
				CLANG_WARN_EMPTY_BODY = YES;
				CLANG_WARN_ENUM_CONVERSION = YES;
				CLANG_WARN_INFINITE_RECURSION = YES;
				CLANG_WARN_INT_CONVERSION = YES;
				CLANG_WARN_OBJC_ROOT_CLASS = YES_ERROR;
				CLANG_WARN_SUSPICIOUS_MOVE = YES;
				CLANG_WARN_UNREACHABLE_CODE = YES;
				CLANG_WARN__DUPLICATE_METHOD_MATCH = YES;
				"CODE_SIGN_IDENTITY[sdk=iphoneos*]" = "iPhone Developer";
				COPY_PHASE_STRIP = NO;
				DEBUG_INFORMATION_FORMAT = "dwarf-with-dsym";
				ENABLE_NS_ASSERTIONS = NO;
				ENABLE_STRICT_OBJC_MSGSEND = YES;
				GCC_C_LANGUAGE_STANDARD = gnu99;
				GCC_NO_COMMON_BLOCKS = YES;
				GCC_WARN_64_TO_32_BIT_CONVERSION = YES;
				GCC_WARN_ABOUT_RETURN_TYPE = YES_ERROR;
				GCC_WARN_UNDECLARED_SELECTOR = YES;
				GCC_WARN_UNINITIALIZED_AUTOS = YES_AGGRESSIVE;
				GCC_WARN_UNUSED_FUNCTION = YES;
				GCC_WARN_UNUSED_VARIABLE = YES;
				IPHONEOS_DEPLOYMENT_TARGET = 10.2;
				MTL_ENABLE_DEBUG_INFO = NO;
				SDKROOT = iphoneos;
				VALIDATE_PRODUCT = YES;
			};
			name = Release;
		};
		D629ED841E1F349300723ACA /* Debug */ = {
			isa = XCBuildConfiguration;
			baseConfigurationReference = 686E422E6D61C6A89C8D17E8 /* Pods-CollectionView-Programatticly.debug.xcconfig */;
			buildSettings = {
				ASSETCATALOG_COMPILER_APPICON_NAME = AppIcon;
				INFOPLIST_FILE = "CollectionView-Programatticly/Info.plist";
				LD_RUNPATH_SEARCH_PATHS = "$(inherited) @executable_path/Frameworks";
				PRODUCT_BUNDLE_IDENTIFIER = "jason9075.com.CollectionView-Programatticly";
				PRODUCT_NAME = "$(TARGET_NAME)";
			};
			name = Debug;
		};
		D629ED851E1F349300723ACA /* Release */ = {
			isa = XCBuildConfiguration;
			baseConfigurationReference = 816A103597CD704558E3E0BD /* Pods-CollectionView-Programatticly.release.xcconfig */;
			buildSettings = {
				ASSETCATALOG_COMPILER_APPICON_NAME = AppIcon;
				INFOPLIST_FILE = "CollectionView-Programatticly/Info.plist";
				LD_RUNPATH_SEARCH_PATHS = "$(inherited) @executable_path/Frameworks";
				PRODUCT_BUNDLE_IDENTIFIER = "jason9075.com.CollectionView-Programatticly";
				PRODUCT_NAME = "$(TARGET_NAME)";
			};
			name = Release;
		};
/* End XCBuildConfiguration section */

/* Begin XCConfigurationList section */
		D629ED671E1F349200723ACA /* Build configuration list for PBXProject "CollectionView-Programatticly" */ = {
			isa = XCConfigurationList;
			buildConfigurations = (
				D629ED811E1F349300723ACA /* Debug */,
				D629ED821E1F349300723ACA /* Release */,
			);
			defaultConfigurationIsVisible = 0;
			defaultConfigurationName = Release;
		};
		D629ED831E1F349300723ACA /* Build configuration list for PBXNativeTarget "CollectionView-Programatticly" */ = {
			isa = XCConfigurationList;
			buildConfigurations = (
				D629ED841E1F349300723ACA /* Debug */,
				D629ED851E1F349300723ACA /* Release */,
			);
			defaultConfigurationIsVisible = 0;
		};
/* End XCConfigurationList section */
	};
	rootObject = D629ED641E1F349200723ACA /* Project object */;
}
